// !$*UTF8*$!
{
	archiveVersion = 1;
	classes = {
	};
	objectVersion = 56;
	objects = {

/* Begin PBXBuildFile section */
		AF341EEE292D4B5D00C92A2B /* musics.json in Resources */ = {isa = PBXBuildFile; fileRef = AF341EED292D4B5D00C92A2B /* musics.json */; };
		AF4ECBE329278E4A00F70024 /* AppDelegate.swift in Sources */ = {isa = PBXBuildFile; fileRef = AF4ECBE229278E4A00F70024 /* AppDelegate.swift */; };
		AF4ECBE529278E4B00F70024 /* SceneDelegate.swift in Sources */ = {isa = PBXBuildFile; fileRef = AF4ECBE429278E4B00F70024 /* SceneDelegate.swift */; };
		AF4ECBEC29278E4C00F70024 /* Assets.xcassets in Resources */ = {isa = PBXBuildFile; fileRef = AF4ECBEB29278E4C00F70024 /* Assets.xcassets */; };
		AF4ECBEF29278E4C00F70024 /* LaunchScreen.storyboard in Resources */ = {isa = PBXBuildFile; fileRef = AF4ECBED29278E4C00F70024 /* LaunchScreen.storyboard */; };
		AF4ECBFE29278EDB00F70024 /* MainTabBarController.swift in Sources */ = {isa = PBXBuildFile; fileRef = AF4ECBFD29278EDB00F70024 /* MainTabBarController.swift */; };
		AF4ECC012927908100F70024 /* HomeViewController.swift in Sources */ = {isa = PBXBuildFile; fileRef = AF4ECC002927908100F70024 /* HomeViewController.swift */; };
		AF4ECC032927908E00F70024 /* ExploreViewController.swift in Sources */ = {isa = PBXBuildFile; fileRef = AF4ECC022927908E00F70024 /* ExploreViewController.swift */; };
		AF4ECC052927909E00F70024 /* LibraryViewController.swift in Sources */ = {isa = PBXBuildFile; fileRef = AF4ECC042927909E00F70024 /* LibraryViewController.swift */; };
		AF4ECC07292790AA00F70024 /* ProfileViewController.swift in Sources */ = {isa = PBXBuildFile; fileRef = AF4ECC06292790AA00F70024 /* ProfileViewController.swift */; };
		AF4ECC092927913300F70024 /* SearchViewController.swift in Sources */ = {isa = PBXBuildFile; fileRef = AF4ECC082927913300F70024 /* SearchViewController.swift */; };
		AF4ECC0B2927A50B00F70024 /* UIColor.swift in Sources */ = {isa = PBXBuildFile; fileRef = AF4ECC0A2927A50B00F70024 /* UIColor.swift */; };
		AF4ECC0D2927C60B00F70024 /* MusicCollectionViewController.swift in Sources */ = {isa = PBXBuildFile; fileRef = AF4ECC0C2927C60B00F70024 /* MusicCollectionViewController.swift */; };
		AF4ECC0F2927D06D00F70024 /* UIView.swift in Sources */ = {isa = PBXBuildFile; fileRef = AF4ECC0E2927D06D00F70024 /* UIView.swift */; };
		AF4ECC112927D80B00F70024 /* MusicCell.swift in Sources */ = {isa = PBXBuildFile; fileRef = AF4ECC102927D80B00F70024 /* MusicCell.swift */; };
		AF4ECC132927F9C400F70024 /* UIViewController.swift in Sources */ = {isa = PBXBuildFile; fileRef = AF4ECC122927F9C400F70024 /* UIViewController.swift */; };
		AF4ECC152927FA0300F70024 /* UIButton.swift in Sources */ = {isa = PBXBuildFile; fileRef = AF4ECC142927FA0300F70024 /* UIButton.swift */; };
		AF4ECC172928BA2700F70024 /* MusicRectCell.swift in Sources */ = {isa = PBXBuildFile; fileRef = AF4ECC162928BA2700F70024 /* MusicRectCell.swift */; };
		AF4ECC192928BB0C00F70024 /* MusicRectCollectionViewController.swift in Sources */ = {isa = PBXBuildFile; fileRef = AF4ECC182928BB0C00F70024 /* MusicRectCollectionViewController.swift */; };
		AF4ECC1B2928C50400F70024 /* CategoryCollectionViewController.swift in Sources */ = {isa = PBXBuildFile; fileRef = AF4ECC1A2928C50400F70024 /* CategoryCollectionViewController.swift */; };
		AF4ECC1D2928C58500F70024 /* CategoryCell.swift in Sources */ = {isa = PBXBuildFile; fileRef = AF4ECC1C2928C58500F70024 /* CategoryCell.swift */; };
		AF4ECC202929213300F70024 /* LoginController.swift in Sources */ = {isa = PBXBuildFile; fileRef = AF4ECC1F2929213300F70024 /* LoginController.swift */; };
		AF4ECC222929213E00F70024 /* RegisterController.swift in Sources */ = {isa = PBXBuildFile; fileRef = AF4ECC212929213E00F70024 /* RegisterController.swift */; };
		AF4ECC242929332700F70024 /* CustomTextField.swift in Sources */ = {isa = PBXBuildFile; fileRef = AF4ECC232929332700F70024 /* CustomTextField.swift */; };
		AF4ECC26292A1DD600F70024 /* RegisterViewModel.swift in Sources */ = {isa = PBXBuildFile; fileRef = AF4ECC25292A1DD600F70024 /* RegisterViewModel.swift */; };
		AF4ECC28292A1DE600F70024 /* LoginViewModel.swift in Sources */ = {isa = PBXBuildFile; fileRef = AF4ECC27292A1DE600F70024 /* LoginViewModel.swift */; };
		AF4ECC2B292A261200F70024 /* AuthenticationViewModelProtocol.swift in Sources */ = {isa = PBXBuildFile; fileRef = AF4ECC2A292A261200F70024 /* AuthenticationViewModelProtocol.swift */; };
		AF4ECC2D292A279500F70024 /* FormViewModelProtocol.swift in Sources */ = {isa = PBXBuildFile; fileRef = AF4ECC2C292A279500F70024 /* FormViewModelProtocol.swift */; };
		AF4ECC30292A349000F70024 /* FirebaseAuth in Frameworks */ = {isa = PBXBuildFile; productRef = AF4ECC2F292A349000F70024 /* FirebaseAuth */; };
		AF4ECC32292A349000F70024 /* FirebaseDatabase in Frameworks */ = {isa = PBXBuildFile; productRef = AF4ECC31292A349000F70024 /* FirebaseDatabase */; };
		AF4ECC34292A349000F70024 /* FirebaseFirestore in Frameworks */ = {isa = PBXBuildFile; productRef = AF4ECC33292A349000F70024 /* FirebaseFirestore */; };
		AF4ECC36292A349000F70024 /* FirebaseStorage in Frameworks */ = {isa = PBXBuildFile; productRef = AF4ECC35292A349000F70024 /* FirebaseStorage */; };
		AF4ECC38292A368300F70024 /* GoogleService-Info.plist in Resources */ = {isa = PBXBuildFile; fileRef = AF4ECC37292A368300F70024 /* GoogleService-Info.plist */; };
		AF4ECC3A292A39E600F70024 /* ImageUploadService.swift in Sources */ = {isa = PBXBuildFile; fileRef = AF4ECC39292A39E600F70024 /* ImageUploadService.swift */; };
		AF4ECC3C292A3A0000F70024 /* AuthService.swift in Sources */ = {isa = PBXBuildFile; fileRef = AF4ECC3B292A3A0000F70024 /* AuthService.swift */; };
		AF4ECC3E292A3A9A00F70024 /* FirebaseFileType.swift in Sources */ = {isa = PBXBuildFile; fileRef = AF4ECC3D292A3A9A00F70024 /* FirebaseFileType.swift */; };
		AF4ECC40292A3D1700F70024 /* UserModel.swift in Sources */ = {isa = PBXBuildFile; fileRef = AF4ECC3F292A3D1700F70024 /* UserModel.swift */; };
		AF4ECC42292A3DF200F70024 /* Constants.swift in Sources */ = {isa = PBXBuildFile; fileRef = AF4ECC41292A3DF200F70024 /* Constants.swift */; };
		AF4ECC44292A410A00F70024 /* Date.swift in Sources */ = {isa = PBXBuildFile; fileRef = AF4ECC43292A410A00F70024 /* Date.swift */; };
		AF4ECC46292A417300F70024 /* AuthCredentials.swift in Sources */ = {isa = PBXBuildFile; fileRef = AF4ECC45292A417300F70024 /* AuthCredentials.swift */; };
		AF4ECC49292A59CD00F70024 /* FirebaseFirestoreSwift in Frameworks */ = {isa = PBXBuildFile; productRef = AF4ECC48292A59CD00F70024 /* FirebaseFirestoreSwift */; };
		AF4ECC4B292A60E100F70024 /* MainViewController.swift in Sources */ = {isa = PBXBuildFile; fileRef = AF4ECC4A292A60E100F70024 /* MainViewController.swift */; };
		AF4ECC4D292BB4DB00F70024 /* MenuCell.swift in Sources */ = {isa = PBXBuildFile; fileRef = AF4ECC4C292BB4DB00F70024 /* MenuCell.swift */; };
		AF4ECC4F292BB63E00F70024 /* MenuCollectionViewController.swift in Sources */ = {isa = PBXBuildFile; fileRef = AF4ECC4E292BB63E00F70024 /* MenuCollectionViewController.swift */; };
		AF4ECC51292BD63900F70024 /* ExploreCategoryView.swift in Sources */ = {isa = PBXBuildFile; fileRef = AF4ECC50292BD63900F70024 /* ExploreCategoryView.swift */; };
		AF4ECC54292CB77800F70024 /* MusicHeader.swift in Sources */ = {isa = PBXBuildFile; fileRef = AF4ECC53292CB77800F70024 /* MusicHeader.swift */; };
		AF4ECC56292D10F900F70024 /* MusicModel.swift in Sources */ = {isa = PBXBuildFile; fileRef = AF4ECC55292D10F900F70024 /* MusicModel.swift */; };
		AF4ECC5B292D398C00F70024 /* MusicService.swift in Sources */ = {isa = PBXBuildFile; fileRef = AF4ECC5A292D398C00F70024 /* MusicService.swift */; };
		AF4ECC5D292D3A9100F70024 /* Bundle.swift in Sources */ = {isa = PBXBuildFile; fileRef = AF4ECC5C292D3A9100F70024 /* Bundle.swift */; };
/* End PBXBuildFile section */

/* Begin PBXFileReference section */
		AF341EED292D4B5D00C92A2B /* musics.json */ = {isa = PBXFileReference; fileEncoding = 4; lastKnownFileType = text.json; path = musics.json; sourceTree = "<group>"; };
		AF4ECBDF29278E4A00F70024 /* YoutubeMusicCloneUIKit.app */ = {isa = PBXFileReference; explicitFileType = wrapper.application; includeInIndex = 0; path = YoutubeMusicCloneUIKit.app; sourceTree = BUILT_PRODUCTS_DIR; };
		AF4ECBE229278E4A00F70024 /* AppDelegate.swift */ = {isa = PBXFileReference; lastKnownFileType = sourcecode.swift; path = AppDelegate.swift; sourceTree = "<group>"; };
		AF4ECBE429278E4B00F70024 /* SceneDelegate.swift */ = {isa = PBXFileReference; lastKnownFileType = sourcecode.swift; path = SceneDelegate.swift; sourceTree = "<group>"; };
		AF4ECBEB29278E4C00F70024 /* Assets.xcassets */ = {isa = PBXFileReference; lastKnownFileType = folder.assetcatalog; path = Assets.xcassets; sourceTree = "<group>"; };
		AF4ECBEE29278E4C00F70024 /* Base */ = {isa = PBXFileReference; lastKnownFileType = file.storyboard; name = Base; path = Base.lproj/LaunchScreen.storyboard; sourceTree = "<group>"; };
		AF4ECBF029278E4C00F70024 /* Info.plist */ = {isa = PBXFileReference; lastKnownFileType = text.plist.xml; path = Info.plist; sourceTree = "<group>"; };
		AF4ECBFD29278EDB00F70024 /* MainTabBarController.swift */ = {isa = PBXFileReference; lastKnownFileType = sourcecode.swift; path = MainTabBarController.swift; sourceTree = "<group>"; };
		AF4ECC002927908100F70024 /* HomeViewController.swift */ = {isa = PBXFileReference; lastKnownFileType = sourcecode.swift; path = HomeViewController.swift; sourceTree = "<group>"; };
		AF4ECC022927908E00F70024 /* ExploreViewController.swift */ = {isa = PBXFileReference; lastKnownFileType = sourcecode.swift; path = ExploreViewController.swift; sourceTree = "<group>"; };
		AF4ECC042927909E00F70024 /* LibraryViewController.swift */ = {isa = PBXFileReference; lastKnownFileType = sourcecode.swift; path = LibraryViewController.swift; sourceTree = "<group>"; };
		AF4ECC06292790AA00F70024 /* ProfileViewController.swift */ = {isa = PBXFileReference; lastKnownFileType = sourcecode.swift; path = ProfileViewController.swift; sourceTree = "<group>"; };
		AF4ECC082927913300F70024 /* SearchViewController.swift */ = {isa = PBXFileReference; lastKnownFileType = sourcecode.swift; path = SearchViewController.swift; sourceTree = "<group>"; };
		AF4ECC0A2927A50B00F70024 /* UIColor.swift */ = {isa = PBXFileReference; lastKnownFileType = sourcecode.swift; path = UIColor.swift; sourceTree = "<group>"; };
		AF4ECC0C2927C60B00F70024 /* MusicCollectionViewController.swift */ = {isa = PBXFileReference; lastKnownFileType = sourcecode.swift; path = MusicCollectionViewController.swift; sourceTree = "<group>"; };
		AF4ECC0E2927D06D00F70024 /* UIView.swift */ = {isa = PBXFileReference; lastKnownFileType = sourcecode.swift; path = UIView.swift; sourceTree = "<group>"; };
		AF4ECC102927D80B00F70024 /* MusicCell.swift */ = {isa = PBXFileReference; lastKnownFileType = sourcecode.swift; path = MusicCell.swift; sourceTree = "<group>"; };
		AF4ECC122927F9C400F70024 /* UIViewController.swift */ = {isa = PBXFileReference; lastKnownFileType = sourcecode.swift; path = UIViewController.swift; sourceTree = "<group>"; };
		AF4ECC142927FA0300F70024 /* UIButton.swift */ = {isa = PBXFileReference; lastKnownFileType = sourcecode.swift; path = UIButton.swift; sourceTree = "<group>"; };
		AF4ECC162928BA2700F70024 /* MusicRectCell.swift */ = {isa = PBXFileReference; lastKnownFileType = sourcecode.swift; path = MusicRectCell.swift; sourceTree = "<group>"; };
		AF4ECC182928BB0C00F70024 /* MusicRectCollectionViewController.swift */ = {isa = PBXFileReference; lastKnownFileType = sourcecode.swift; path = MusicRectCollectionViewController.swift; sourceTree = "<group>"; };
		AF4ECC1A2928C50400F70024 /* CategoryCollectionViewController.swift */ = {isa = PBXFileReference; lastKnownFileType = sourcecode.swift; path = CategoryCollectionViewController.swift; sourceTree = "<group>"; };
		AF4ECC1C2928C58500F70024 /* CategoryCell.swift */ = {isa = PBXFileReference; lastKnownFileType = sourcecode.swift; path = CategoryCell.swift; sourceTree = "<group>"; };
		AF4ECC1F2929213300F70024 /* LoginController.swift */ = {isa = PBXFileReference; lastKnownFileType = sourcecode.swift; path = LoginController.swift; sourceTree = "<group>"; };
		AF4ECC212929213E00F70024 /* RegisterController.swift */ = {isa = PBXFileReference; lastKnownFileType = sourcecode.swift; path = RegisterController.swift; sourceTree = "<group>"; };
		AF4ECC232929332700F70024 /* CustomTextField.swift */ = {isa = PBXFileReference; lastKnownFileType = sourcecode.swift; path = CustomTextField.swift; sourceTree = "<group>"; };
		AF4ECC25292A1DD600F70024 /* RegisterViewModel.swift */ = {isa = PBXFileReference; lastKnownFileType = sourcecode.swift; path = RegisterViewModel.swift; sourceTree = "<group>"; };
		AF4ECC27292A1DE600F70024 /* LoginViewModel.swift */ = {isa = PBXFileReference; lastKnownFileType = sourcecode.swift; path = LoginViewModel.swift; sourceTree = "<group>"; };
		AF4ECC2A292A261200F70024 /* AuthenticationViewModelProtocol.swift */ = {isa = PBXFileReference; lastKnownFileType = sourcecode.swift; path = AuthenticationViewModelProtocol.swift; sourceTree = "<group>"; };
		AF4ECC2C292A279500F70024 /* FormViewModelProtocol.swift */ = {isa = PBXFileReference; lastKnownFileType = sourcecode.swift; path = FormViewModelProtocol.swift; sourceTree = "<group>"; };
		AF4ECC37292A368300F70024 /* GoogleService-Info.plist */ = {isa = PBXFileReference; fileEncoding = 4; lastKnownFileType = text.plist.xml; path = "GoogleService-Info.plist"; sourceTree = "<group>"; };
		AF4ECC39292A39E600F70024 /* ImageUploadService.swift */ = {isa = PBXFileReference; lastKnownFileType = sourcecode.swift; path = ImageUploadService.swift; sourceTree = "<group>"; };
		AF4ECC3B292A3A0000F70024 /* AuthService.swift */ = {isa = PBXFileReference; lastKnownFileType = sourcecode.swift; path = AuthService.swift; sourceTree = "<group>"; };
		AF4ECC3D292A3A9A00F70024 /* FirebaseFileType.swift */ = {isa = PBXFileReference; lastKnownFileType = sourcecode.swift; path = FirebaseFileType.swift; sourceTree = "<group>"; };
		AF4ECC3F292A3D1700F70024 /* UserModel.swift */ = {isa = PBXFileReference; lastKnownFileType = sourcecode.swift; path = UserModel.swift; sourceTree = "<group>"; };
		AF4ECC41292A3DF200F70024 /* Constants.swift */ = {isa = PBXFileReference; lastKnownFileType = sourcecode.swift; path = Constants.swift; sourceTree = "<group>"; };
		AF4ECC43292A410A00F70024 /* Date.swift */ = {isa = PBXFileReference; lastKnownFileType = sourcecode.swift; path = Date.swift; sourceTree = "<group>"; };
		AF4ECC45292A417300F70024 /* AuthCredentials.swift */ = {isa = PBXFileReference; lastKnownFileType = sourcecode.swift; path = AuthCredentials.swift; sourceTree = "<group>"; };
		AF4ECC4A292A60E100F70024 /* MainViewController.swift */ = {isa = PBXFileReference; lastKnownFileType = sourcecode.swift; path = MainViewController.swift; sourceTree = "<group>"; };
		AF4ECC4C292BB4DB00F70024 /* MenuCell.swift */ = {isa = PBXFileReference; lastKnownFileType = sourcecode.swift; path = MenuCell.swift; sourceTree = "<group>"; };
		AF4ECC4E292BB63E00F70024 /* MenuCollectionViewController.swift */ = {isa = PBXFileReference; lastKnownFileType = sourcecode.swift; path = MenuCollectionViewController.swift; sourceTree = "<group>"; };
		AF4ECC50292BD63900F70024 /* ExploreCategoryView.swift */ = {isa = PBXFileReference; lastKnownFileType = sourcecode.swift; path = ExploreCategoryView.swift; sourceTree = "<group>"; };
		AF4ECC53292CB77800F70024 /* MusicHeader.swift */ = {isa = PBXFileReference; lastKnownFileType = sourcecode.swift; path = MusicHeader.swift; sourceTree = "<group>"; };
		AF4ECC55292D10F900F70024 /* MusicModel.swift */ = {isa = PBXFileReference; lastKnownFileType = sourcecode.swift; path = MusicModel.swift; sourceTree = "<group>"; };
		AF4ECC5A292D398C00F70024 /* MusicService.swift */ = {isa = PBXFileReference; lastKnownFileType = sourcecode.swift; path = MusicService.swift; sourceTree = "<group>"; };
		AF4ECC5C292D3A9100F70024 /* Bundle.swift */ = {isa = PBXFileReference; lastKnownFileType = sourcecode.swift; path = Bundle.swift; sourceTree = "<group>"; };
/* End PBXFileReference section */

/* Begin PBXFrameworksBuildPhase section */
		AF4ECBDC29278E4A00F70024 /* Frameworks */ = {
			isa = PBXFrameworksBuildPhase;
			buildActionMask = 2147483647;
			files = (
				AF4ECC49292A59CD00F70024 /* FirebaseFirestoreSwift in Frameworks */,
				AF4ECC32292A349000F70024 /* FirebaseDatabase in Frameworks */,
				AF4ECC36292A349000F70024 /* FirebaseStorage in Frameworks */,
				AF4ECC30292A349000F70024 /* FirebaseAuth in Frameworks */,
				AF4ECC34292A349000F70024 /* FirebaseFirestore in Frameworks */,
			);
			runOnlyForDeploymentPostprocessing = 0;
		};
/* End PBXFrameworksBuildPhase section */

/* Begin PBXGroup section */
		AF4ECBD629278E4A00F70024 = {
			isa = PBXGroup;
			children = (
				AF4ECBE129278E4A00F70024 /* YoutubeMusicCloneUIKit */,
				AF4ECBE029278E4A00F70024 /* Products */,
				AF4ECC47292A59CD00F70024 /* Frameworks */,
			);
			sourceTree = "<group>";
		};
		AF4ECBE029278E4A00F70024 /* Products */ = {
			isa = PBXGroup;
			children = (
				AF4ECBDF29278E4A00F70024 /* YoutubeMusicCloneUIKit.app */,
			);
			name = Products;
			sourceTree = "<group>";
		};
		AF4ECBE129278E4A00F70024 /* YoutubeMusicCloneUIKit */ = {
			isa = PBXGroup;
			children = (
				AF4ECBFF29278FC400F70024 /* App */,
				AF4ECBFA29278E7300F70024 /* Model */,
				AF4ECBF929278E6D00F70024 /* Views */,
				AF4ECBF829278E6400F70024 /* ViewModels */,
				AF4ECBF729278E5C00F70024 /* Controllers */,
				AF4ECBFC29278E9200F70024 /* API */,
				AF4ECBFB29278E8200F70024 /* Extensions */,
				AF4ECBF629278E5400F70024 /* Utils */,
			);
			path = YoutubeMusicCloneUIKit;
			sourceTree = "<group>";
		};
		AF4ECBF629278E5400F70024 /* Utils */ = {
			isa = PBXGroup;
			children = (
				AF4ECC41292A3DF200F70024 /* Constants.swift */,
			);
			path = Utils;
			sourceTree = "<group>";
		};
		AF4ECBF729278E5C00F70024 /* Controllers */ = {
			isa = PBXGroup;
			children = (
				AF4ECC1E292920FC00F70024 /* Authentication */,
				AF4ECBFD29278EDB00F70024 /* MainTabBarController.swift */,
				AF4ECC4A292A60E100F70024 /* MainViewController.swift */,
				AF4ECC002927908100F70024 /* HomeViewController.swift */,
				AF4ECC022927908E00F70024 /* ExploreViewController.swift */,
				AF4ECC042927909E00F70024 /* LibraryViewController.swift */,
				AF4ECC06292790AA00F70024 /* ProfileViewController.swift */,
				AF4ECC082927913300F70024 /* SearchViewController.swift */,
				AF4ECC0C2927C60B00F70024 /* MusicCollectionViewController.swift */,
				AF4ECC182928BB0C00F70024 /* MusicRectCollectionViewController.swift */,
				AF4ECC1A2928C50400F70024 /* CategoryCollectionViewController.swift */,
				AF4ECC4E292BB63E00F70024 /* MenuCollectionViewController.swift */,
			);
			path = Controllers;
			sourceTree = "<group>";
		};
		AF4ECBF829278E6400F70024 /* ViewModels */ = {
			isa = PBXGroup;
			children = (
				AF4ECC29292A217700F70024 /* Authentication */,
			);
			path = ViewModels;
			sourceTree = "<group>";
		};
		AF4ECBF929278E6D00F70024 /* Views */ = {
			isa = PBXGroup;
			children = (
				AF4ECC52292CB75700F70024 /* Music */,
				AF4ECC1C2928C58500F70024 /* CategoryCell.swift */,
				AF4ECC4C292BB4DB00F70024 /* MenuCell.swift */,
				AF4ECC232929332700F70024 /* CustomTextField.swift */,
				AF4ECC50292BD63900F70024 /* ExploreCategoryView.swift */,
			);
			path = Views;
			sourceTree = "<group>";
		};
		AF4ECBFA29278E7300F70024 /* Model */ = {
			isa = PBXGroup;
			children = (
				AF4ECC3D292A3A9A00F70024 /* FirebaseFileType.swift */,
				AF4ECC3F292A3D1700F70024 /* UserModel.swift */,
				AF4ECC45292A417300F70024 /* AuthCredentials.swift */,
				AF4ECC55292D10F900F70024 /* MusicModel.swift */,
			);
			path = Model;
			sourceTree = "<group>";
		};
		AF4ECBFB29278E8200F70024 /* Extensions */ = {
			isa = PBXGroup;
			children = (
				AF4ECC0A2927A50B00F70024 /* UIColor.swift */,
				AF4ECC0E2927D06D00F70024 /* UIView.swift */,
				AF4ECC122927F9C400F70024 /* UIViewController.swift */,
				AF4ECC142927FA0300F70024 /* UIButton.swift */,
				AF4ECC43292A410A00F70024 /* Date.swift */,
				AF4ECC5C292D3A9100F70024 /* Bundle.swift */,
			);
			path = Extensions;
			sourceTree = "<group>";
		};
		AF4ECBFC29278E9200F70024 /* API */ = {
			isa = PBXGroup;
			children = (
				AF4ECC39292A39E600F70024 /* ImageUploadService.swift */,
				AF4ECC3B292A3A0000F70024 /* AuthService.swift */,
				AF4ECC5A292D398C00F70024 /* MusicService.swift */,
			);
			path = API;
			sourceTree = "<group>";
		};
		AF4ECBFF29278FC400F70024 /* App */ = {
			isa = PBXGroup;
			children = (
				AF4ECBE229278E4A00F70024 /* AppDelegate.swift */,
				AF4ECBE429278E4B00F70024 /* SceneDelegate.swift */,
				AF4ECBED29278E4C00F70024 /* LaunchScreen.storyboard */,
				AF4ECBEB29278E4C00F70024 /* Assets.xcassets */,
				AF4ECBF029278E4C00F70024 /* Info.plist */,
				AF4ECC37292A368300F70024 /* GoogleService-Info.plist */,
				AF341EED292D4B5D00C92A2B /* musics.json */,
			);
			path = App;
			sourceTree = "<group>";
		};
		AF4ECC1E292920FC00F70024 /* Authentication */ = {
			isa = PBXGroup;
			children = (
				AF4ECC1F2929213300F70024 /* LoginController.swift */,
				AF4ECC212929213E00F70024 /* RegisterController.swift */,
			);
			path = Authentication;
			sourceTree = "<group>";
		};
		AF4ECC29292A217700F70024 /* Authentication */ = {
			isa = PBXGroup;
			children = (
				AF4ECC2C292A279500F70024 /* FormViewModelProtocol.swift */,
				AF4ECC2A292A261200F70024 /* AuthenticationViewModelProtocol.swift */,
				AF4ECC25292A1DD600F70024 /* RegisterViewModel.swift */,
				AF4ECC27292A1DE600F70024 /* LoginViewModel.swift */,
			);
			path = Authentication;
			sourceTree = "<group>";
		};
		AF4ECC47292A59CD00F70024 /* Frameworks */ = {
			isa = PBXGroup;
			children = (
			);
			name = Frameworks;
			sourceTree = "<group>";
		};
		AF4ECC52292CB75700F70024 /* Music */ = {
			isa = PBXGroup;
			children = (
				AF4ECC102927D80B00F70024 /* MusicCell.swift */,
				AF4ECC162928BA2700F70024 /* MusicRectCell.swift */,
				AF4ECC53292CB77800F70024 /* MusicHeader.swift */,
			);
			path = Music;
			sourceTree = "<group>";
		};
/* End PBXGroup section */

/* Begin PBXNativeTarget section */
		AF4ECBDE29278E4A00F70024 /* YoutubeMusicCloneUIKit */ = {
			isa = PBXNativeTarget;
			buildConfigurationList = AF4ECBF329278E4C00F70024 /* Build configuration list for PBXNativeTarget "YoutubeMusicCloneUIKit" */;
			buildPhases = (
				AF4ECBDB29278E4A00F70024 /* Sources */,
				AF4ECBDC29278E4A00F70024 /* Frameworks */,
				AF4ECBDD29278E4A00F70024 /* Resources */,
			);
			buildRules = (
			);
			dependencies = (
			);
			name = YoutubeMusicCloneUIKit;
			packageProductDependencies = (
				AF4ECC2F292A349000F70024 /* FirebaseAuth */,
				AF4ECC31292A349000F70024 /* FirebaseDatabase */,
				AF4ECC33292A349000F70024 /* FirebaseFirestore */,
				AF4ECC35292A349000F70024 /* FirebaseStorage */,
				AF4ECC48292A59CD00F70024 /* FirebaseFirestoreSwift */,
			);
			productName = YoutubeMusicCloneUIKit;
			productReference = AF4ECBDF29278E4A00F70024 /* YoutubeMusicCloneUIKit.app */;
			productType = "com.apple.product-type.application";
		};
/* End PBXNativeTarget section */

/* Begin PBXProject section */
		AF4ECBD729278E4A00F70024 /* Project object */ = {
			isa = PBXProject;
			attributes = {
				BuildIndependentTargetsInParallel = 1;
				LastSwiftUpdateCheck = 1410;
				LastUpgradeCheck = 1410;
				TargetAttributes = {
					AF4ECBDE29278E4A00F70024 = {
						CreatedOnToolsVersion = 14.1;
					};
				};
			};
			buildConfigurationList = AF4ECBDA29278E4A00F70024 /* Build configuration list for PBXProject "YoutubeMusicCloneUIKit" */;
			compatibilityVersion = "Xcode 14.0";
			developmentRegion = en;
			hasScannedForEncodings = 0;
			knownRegions = (
				en,
				Base,
			);
			mainGroup = AF4ECBD629278E4A00F70024;
			packageReferences = (
				AF4ECC2E292A349000F70024 /* XCRemoteSwiftPackageReference "firebase-ios-sdk" */,
			);
			productRefGroup = AF4ECBE029278E4A00F70024 /* Products */;
			projectDirPath = "";
			projectRoot = "";
			targets = (
				AF4ECBDE29278E4A00F70024 /* YoutubeMusicCloneUIKit */,
			);
		};
/* End PBXProject section */

/* Begin PBXResourcesBuildPhase section */
		AF4ECBDD29278E4A00F70024 /* Resources */ = {
			isa = PBXResourcesBuildPhase;
			buildActionMask = 2147483647;
			files = (
				AF4ECBEF29278E4C00F70024 /* LaunchScreen.storyboard in Resources */,
				AF4ECBEC29278E4C00F70024 /* Assets.xcassets in Resources */,
				AF4ECC38292A368300F70024 /* GoogleService-Info.plist in Resources */,
				AF341EEE292D4B5D00C92A2B /* musics.json in Resources */,
			);
			runOnlyForDeploymentPostprocessing = 0;
		};
/* End PBXResourcesBuildPhase section */

/* Begin PBXSourcesBuildPhase section */
		AF4ECBDB29278E4A00F70024 /* Sources */ = {
			isa = PBXSourcesBuildPhase;
			buildActionMask = 2147483647;
			files = (
				AF4ECC3A292A39E600F70024 /* ImageUploadService.swift in Sources */,
				AF4ECC28292A1DE600F70024 /* LoginViewModel.swift in Sources */,
				AF4ECC222929213E00F70024 /* RegisterController.swift in Sources */,
				AF4ECC56292D10F900F70024 /* MusicModel.swift in Sources */,
				AF4ECC40292A3D1700F70024 /* UserModel.swift in Sources */,
				AF4ECC51292BD63900F70024 /* ExploreCategoryView.swift in Sources */,
				AF4ECC202929213300F70024 /* LoginController.swift in Sources */,
				AF4ECC42292A3DF200F70024 /* Constants.swift in Sources */,
				AF4ECC2D292A279500F70024 /* FormViewModelProtocol.swift in Sources */,
				AF4ECBE329278E4A00F70024 /* AppDelegate.swift in Sources */,
				AF4ECBFE29278EDB00F70024 /* MainTabBarController.swift in Sources */,
				AF4ECC172928BA2700F70024 /* MusicRectCell.swift in Sources */,
				AF4ECC3E292A3A9A00F70024 /* FirebaseFileType.swift in Sources */,
				AF4ECC0F2927D06D00F70024 /* UIView.swift in Sources */,
				AF4ECC4B292A60E100F70024 /* MainViewController.swift in Sources */,
				AF4ECC0D2927C60B00F70024 /* MusicCollectionViewController.swift in Sources */,
				AF4ECC1D2928C58500F70024 /* CategoryCell.swift in Sources */,
				AF4ECC092927913300F70024 /* SearchViewController.swift in Sources */,
				AF4ECC1B2928C50400F70024 /* CategoryCollectionViewController.swift in Sources */,
				AF4ECC032927908E00F70024 /* ExploreViewController.swift in Sources */,
				AF4ECBE529278E4B00F70024 /* SceneDelegate.swift in Sources */,
				AF4ECC4F292BB63E00F70024 /* MenuCollectionViewController.swift in Sources */,
				AF4ECC54292CB77800F70024 /* MusicHeader.swift in Sources */,
				AF4ECC132927F9C400F70024 /* UIViewController.swift in Sources */,
				AF4ECC07292790AA00F70024 /* ProfileViewController.swift in Sources */,
				AF4ECC242929332700F70024 /* CustomTextField.swift in Sources */,
				AF4ECC26292A1DD600F70024 /* RegisterViewModel.swift in Sources */,
				AF4ECC052927909E00F70024 /* LibraryViewController.swift in Sources */,
				AF4ECC012927908100F70024 /* HomeViewController.swift in Sources */,
				AF4ECC3C292A3A0000F70024 /* AuthService.swift in Sources */,
				AF4ECC5B292D398C00F70024 /* MusicService.swift in Sources */,
				AF4ECC192928BB0C00F70024 /* MusicRectCollectionViewController.swift in Sources */,
				AF4ECC152927FA0300F70024 /* UIButton.swift in Sources */,
				AF4ECC5D292D3A9100F70024 /* Bundle.swift in Sources */,
				AF4ECC44292A410A00F70024 /* Date.swift in Sources */,
				AF4ECC46292A417300F70024 /* AuthCredentials.swift in Sources */,
				AF4ECC0B2927A50B00F70024 /* UIColor.swift in Sources */,
				AF4ECC2B292A261200F70024 /* AuthenticationViewModelProtocol.swift in Sources */,
				AF4ECC4D292BB4DB00F70024 /* MenuCell.swift in Sources */,
				AF4ECC112927D80B00F70024 /* MusicCell.swift in Sources */,
			);
			runOnlyForDeploymentPostprocessing = 0;
		};
/* End PBXSourcesBuildPhase section */

/* Begin PBXVariantGroup section */
		AF4ECBED29278E4C00F70024 /* LaunchScreen.storyboard */ = {
			isa = PBXVariantGroup;
			children = (
				AF4ECBEE29278E4C00F70024 /* Base */,
			);
			name = LaunchScreen.storyboard;
			sourceTree = "<group>";
		};
/* End PBXVariantGroup section */

/* Begin XCBuildConfiguration section */
		AF4ECBF129278E4C00F70024 /* Debug */ = {
			isa = XCBuildConfiguration;
			buildSettings = {
				ALWAYS_SEARCH_USER_PATHS = NO;
				CLANG_ANALYZER_NONNULL = YES;
				CLANG_ANALYZER_NUMBER_OBJECT_CONVERSION = YES_AGGRESSIVE;
				CLANG_CXX_LANGUAGE_STANDARD = "gnu++20";
				CLANG_ENABLE_MODULES = YES;
				CLANG_ENABLE_OBJC_ARC = YES;
				CLANG_ENABLE_OBJC_WEAK = YES;
				CLANG_WARN_BLOCK_CAPTURE_AUTORELEASING = YES;
				CLANG_WARN_BOOL_CONVERSION = YES;
				CLANG_WARN_COMMA = YES;
				CLANG_WARN_CONSTANT_CONVERSION = YES;
				CLANG_WARN_DEPRECATED_OBJC_IMPLEMENTATIONS = YES;
				CLANG_WARN_DIRECT_OBJC_ISA_USAGE = YES_ERROR;
				CLANG_WARN_DOCUMENTATION_COMMENTS = YES;
				CLANG_WARN_EMPTY_BODY = YES;
				CLANG_WARN_ENUM_CONVERSION = YES;
				CLANG_WARN_INFINITE_RECURSION = YES;
				CLANG_WARN_INT_CONVERSION = YES;
				CLANG_WARN_NON_LITERAL_NULL_CONVERSION = YES;
				CLANG_WARN_OBJC_IMPLICIT_RETAIN_SELF = YES;
				CLANG_WARN_OBJC_LITERAL_CONVERSION = YES;
				CLANG_WARN_OBJC_ROOT_CLASS = YES_ERROR;
				CLANG_WARN_QUOTED_INCLUDE_IN_FRAMEWORK_HEADER = YES;
				CLANG_WARN_RANGE_LOOP_ANALYSIS = YES;
				CLANG_WARN_STRICT_PROTOTYPES = YES;
				CLANG_WARN_SUSPICIOUS_MOVE = YES;
				CLANG_WARN_UNGUARDED_AVAILABILITY = YES_AGGRESSIVE;
				CLANG_WARN_UNREACHABLE_CODE = YES;
				CLANG_WARN__DUPLICATE_METHOD_MATCH = YES;
				COPY_PHASE_STRIP = NO;
				DEBUG_INFORMATION_FORMAT = dwarf;
				ENABLE_STRICT_OBJC_MSGSEND = YES;
				ENABLE_TESTABILITY = YES;
				GCC_C_LANGUAGE_STANDARD = gnu11;
				GCC_DYNAMIC_NO_PIC = NO;
				GCC_NO_COMMON_BLOCKS = YES;
				GCC_OPTIMIZATION_LEVEL = 0;
				GCC_PREPROCESSOR_DEFINITIONS = (
					"DEBUG=1",
					"$(inherited)",
				);
				GCC_WARN_64_TO_32_BIT_CONVERSION = YES;
				GCC_WARN_ABOUT_RETURN_TYPE = YES_ERROR;
				GCC_WARN_UNDECLARED_SELECTOR = YES;
				GCC_WARN_UNINITIALIZED_AUTOS = YES_AGGRESSIVE;
				GCC_WARN_UNUSED_FUNCTION = YES;
				GCC_WARN_UNUSED_VARIABLE = YES;
				IPHONEOS_DEPLOYMENT_TARGET = 16.1;
				MTL_ENABLE_DEBUG_INFO = INCLUDE_SOURCE;
				MTL_FAST_MATH = YES;
				ONLY_ACTIVE_ARCH = YES;
				SDKROOT = iphoneos;
				SWIFT_ACTIVE_COMPILATION_CONDITIONS = DEBUG;
				SWIFT_OPTIMIZATION_LEVEL = "-Onone";
			};
			name = Debug;
		};
		AF4ECBF229278E4C00F70024 /* Release */ = {
			isa = XCBuildConfiguration;
			buildSettings = {
				ALWAYS_SEARCH_USER_PATHS = NO;
				CLANG_ANALYZER_NONNULL = YES;
				CLANG_ANALYZER_NUMBER_OBJECT_CONVERSION = YES_AGGRESSIVE;
				CLANG_CXX_LANGUAGE_STANDARD = "gnu++20";
				CLANG_ENABLE_MODULES = YES;
				CLANG_ENABLE_OBJC_ARC = YES;
				CLANG_ENABLE_OBJC_WEAK = YES;
				CLANG_WARN_BLOCK_CAPTURE_AUTORELEASING = YES;
				CLANG_WARN_BOOL_CONVERSION = YES;
				CLANG_WARN_COMMA = YES;
				CLANG_WARN_CONSTANT_CONVERSION = YES;
				CLANG_WARN_DEPRECATED_OBJC_IMPLEMENTATIONS = YES;
				CLANG_WARN_DIRECT_OBJC_ISA_USAGE = YES_ERROR;
				CLANG_WARN_DOCUMENTATION_COMMENTS = YES;
				CLANG_WARN_EMPTY_BODY = YES;
				CLANG_WARN_ENUM_CONVERSION = YES;
				CLANG_WARN_INFINITE_RECURSION = YES;
				CLANG_WARN_INT_CONVERSION = YES;
				CLANG_WARN_NON_LITERAL_NULL_CONVERSION = YES;
				CLANG_WARN_OBJC_IMPLICIT_RETAIN_SELF = YES;
				CLANG_WARN_OBJC_LITERAL_CONVERSION = YES;
				CLANG_WARN_OBJC_ROOT_CLASS = YES_ERROR;
				CLANG_WARN_QUOTED_INCLUDE_IN_FRAMEWORK_HEADER = YES;
				CLANG_WARN_RANGE_LOOP_ANALYSIS = YES;
				CLANG_WARN_STRICT_PROTOTYPES = YES;
				CLANG_WARN_SUSPICIOUS_MOVE = YES;
				CLANG_WARN_UNGUARDED_AVAILABILITY = YES_AGGRESSIVE;
				CLANG_WARN_UNREACHABLE_CODE = YES;
				CLANG_WARN__DUPLICATE_METHOD_MATCH = YES;
				COPY_PHASE_STRIP = NO;
				DEBUG_INFORMATION_FORMAT = "dwarf-with-dsym";
				ENABLE_NS_ASSERTIONS = NO;
				ENABLE_STRICT_OBJC_MSGSEND = YES;
				GCC_C_LANGUAGE_STANDARD = gnu11;
				GCC_NO_COMMON_BLOCKS = YES;
				GCC_WARN_64_TO_32_BIT_CONVERSION = YES;
				GCC_WARN_ABOUT_RETURN_TYPE = YES_ERROR;
				GCC_WARN_UNDECLARED_SELECTOR = YES;
				GCC_WARN_UNINITIALIZED_AUTOS = YES_AGGRESSIVE;
				GCC_WARN_UNUSED_FUNCTION = YES;
				GCC_WARN_UNUSED_VARIABLE = YES;
				IPHONEOS_DEPLOYMENT_TARGET = 16.1;
				MTL_ENABLE_DEBUG_INFO = NO;
				MTL_FAST_MATH = YES;
				SDKROOT = iphoneos;
				SWIFT_COMPILATION_MODE = wholemodule;
				SWIFT_OPTIMIZATION_LEVEL = "-O";
				VALIDATE_PRODUCT = YES;
			};
			name = Release;
		};
		AF4ECBF429278E4C00F70024 /* Debug */ = {
			isa = XCBuildConfiguration;
			buildSettings = {
				ASSETCATALOG_COMPILER_APPICON_NAME = AppIcon;
				ASSETCATALOG_COMPILER_GLOBAL_ACCENT_COLOR_NAME = AccentColor;
				CODE_SIGN_STYLE = Automatic;
				CURRENT_PROJECT_VERSION = 1;
				DEVELOPMENT_TEAM = SHP38F3EM7;
				GENERATE_INFOPLIST_FILE = YES;
				INFOPLIST_FILE = YoutubeMusicCloneUIKit/Info.plist;
				INFOPLIST_KEY_UIApplicationSupportsIndirectInputEvents = YES;
				INFOPLIST_KEY_UILaunchStoryboardName = LaunchScreen.storyboard;
				INFOPLIST_KEY_UIRequiresFullScreen = NO;
				INFOPLIST_KEY_UIStatusBarStyle = UIStatusBarStyleLightContent;
				INFOPLIST_KEY_UISupportedInterfaceOrientations = UIInterfaceOrientationPortrait;
				LD_RUNPATH_SEARCH_PATHS = (
					"$(inherited)",
					"@executable_path/Frameworks",
				);
				MARKETING_VERSION = 1.0;
				PRODUCT_BUNDLE_IDENTIFIER = barisozgen.YoutubeMusicCloneUIKit;
				PRODUCT_NAME = "$(TARGET_NAME)";
				SWIFT_EMIT_LOC_STRINGS = YES;
				SWIFT_VERSION = 5.0;
				TARGETED_DEVICE_FAMILY = "1,2";
			};
			name = Debug;
		};
		AF4ECBF529278E4C00F70024 /* Release */ = {
			isa = XCBuildConfiguration;
			buildSettings = {
				ASSETCATALOG_COMPILER_APPICON_NAME = AppIcon;
				ASSETCATALOG_COMPILER_GLOBAL_ACCENT_COLOR_NAME = AccentColor;
				CODE_SIGN_STYLE = Automatic;
				CURRENT_PROJECT_VERSION = 1;
				DEVELOPMENT_TEAM = SHP38F3EM7;
				GENERATE_INFOPLIST_FILE = YES;
				INFOPLIST_FILE = YoutubeMusicCloneUIKit/Info.plist;
				INFOPLIST_KEY_UIApplicationSupportsIndirectInputEvents = YES;
				INFOPLIST_KEY_UILaunchStoryboardName = LaunchScreen.storyboard;
				INFOPLIST_KEY_UIRequiresFullScreen = NO;
				INFOPLIST_KEY_UIStatusBarStyle = UIStatusBarStyleLightContent;
				INFOPLIST_KEY_UISupportedInterfaceOrientations = UIInterfaceOrientationPortrait;
				LD_RUNPATH_SEARCH_PATHS = (
					"$(inherited)",
					"@executable_path/Frameworks",
				);
				MARKETING_VERSION = 1.0;
				PRODUCT_BUNDLE_IDENTIFIER = barisozgen.YoutubeMusicCloneUIKit;
				PRODUCT_NAME = "$(TARGET_NAME)";
				SWIFT_EMIT_LOC_STRINGS = YES;
				SWIFT_VERSION = 5.0;
				TARGETED_DEVICE_FAMILY = "1,2";
			};
			name = Release;
		};
/* End XCBuildConfiguration section */

/* Begin XCConfigurationList section */
		AF4ECBDA29278E4A00F70024 /* Build configuration list for PBXProject "YoutubeMusicCloneUIKit" */ = {
			isa = XCConfigurationList;
			buildConfigurations = (
				AF4ECBF129278E4C00F70024 /* Debug */,
				AF4ECBF229278E4C00F70024 /* Release */,
			);
			defaultConfigurationIsVisible = 0;
			defaultConfigurationName = Release;
		};
		AF4ECBF329278E4C00F70024 /* Build configuration list for PBXNativeTarget "YoutubeMusicCloneUIKit" */ = {
			isa = XCConfigurationList;
			buildConfigurations = (
				AF4ECBF429278E4C00F70024 /* Debug */,
				AF4ECBF529278E4C00F70024 /* Release */,
			);
			defaultConfigurationIsVisible = 0;
			defaultConfigurationName = Release;
		};
/* End XCConfigurationList section */

/* Begin XCRemoteSwiftPackageReference section */
		AF4ECC2E292A349000F70024 /* XCRemoteSwiftPackageReference "firebase-ios-sdk" */ = {
			isa = XCRemoteSwiftPackageReference;
			repositoryURL = "https://github.com/firebase/firebase-ios-sdk.git";
			requirement = {
				branch = master;
				kind = branch;
			};
		};
/* End XCRemoteSwiftPackageReference section */

/* Begin XCSwiftPackageProductDependency section */
		AF4ECC2F292A349000F70024 /* FirebaseAuth */ = {
			isa = XCSwiftPackageProductDependency;
			package = AF4ECC2E292A349000F70024 /* XCRemoteSwiftPackageReference "firebase-ios-sdk" */;
			productName = FirebaseAuth;
		};
		AF4ECC31292A349000F70024 /* FirebaseDatabase */ = {
			isa = XCSwiftPackageProductDependency;
			package = AF4ECC2E292A349000F70024 /* XCRemoteSwiftPackageReference "firebase-ios-sdk" */;
			productName = FirebaseDatabase;
		};
		AF4ECC33292A349000F70024 /* FirebaseFirestore */ = {
			isa = XCSwiftPackageProductDependency;
			package = AF4ECC2E292A349000F70024 /* XCRemoteSwiftPackageReference "firebase-ios-sdk" */;
			productName = FirebaseFirestore;
		};
		AF4ECC35292A349000F70024 /* FirebaseStorage */ = {
			isa = XCSwiftPackageProductDependency;
			package = AF4ECC2E292A349000F70024 /* XCRemoteSwiftPackageReference "firebase-ios-sdk" */;
			productName = FirebaseStorage;
		};
		AF4ECC48292A59CD00F70024 /* FirebaseFirestoreSwift */ = {
			isa = XCSwiftPackageProductDependency;
			package = AF4ECC2E292A349000F70024 /* XCRemoteSwiftPackageReference "firebase-ios-sdk" */;
			productName = FirebaseFirestoreSwift;
		};
/* End XCSwiftPackageProductDependency section */
	};
	rootObject = AF4ECBD729278E4A00F70024 /* Project object */;
}
